github.com/andybalholm/brotli v1.2.2 h1:HzTuoo2ErYQqf5qvcJInB8uvqSVxRttzkFexPWtnceM=
github.com/andybalholm/brotli v1.2.2/go.mod h1:rzTDkvFWvIrjDXZHkuS16NPggd91W3kUSvPlQ1pLaKY=
github.com/jotfs/fastcdc-go v0.2.0 h1:WHYIGk3k9NumGWfp4YMsemEcx/s4JKpGAa6tpCpHJOo=
github.com/jotfs/fastcdc-go v0.2.0/go.mod h1:PGFBIloiASFbiKnkCd/hmHXxngxYDYtisyurJ/zyDNM=
github.com/klauspost/compress v1.19.0 h1:sXLILfc9jV2QYWkzFOPWStmcUVH2RHEB1JCdY2oVvCQ=
github.com/klauspost/compress v1.19.0/go.mod h1:cwPg85FWrGar70rWktvGQj8/hthj3wpl0PGDogxkrSQ=
go.etcd.io/bbolt v1.5.0 h1:S7GAl7Fxv12yohbwFfIbQCGDWbQbtDGPET4P/bD4lxU=
go.etcd.io/bbolt v1.5.0/go.mod h1:mkltfYE5aUHQxUct9N9V+Kp7aSjFqjgrhcXIS70Lrdk=
golang.org/x/sys v0.45.0 h1:dO4czNzziLiiXplLQgBCEpCvXQ3dnkn0SdaZSYdQ+FY=
golang.org/x/sys v0.45.0/go.mod h1:4GL1E5IUh+htKOUEOaiffhrAeqysfVGipDYzABqnCmw=
